<?xml version="1.0" encoding="utf-8"?>
<Project ToolsVersion="16.0" xmlns="http://schemas.microsoft.com/developer/msbuild/2003">
	<ItemGroup>
		<Filter Include="video">
			<UniqueIdentifier>95554CF3-6FDB-11EB-97AD-2CF05D9A4ED0</UniqueIdentifier>
		</Filter>
	</ItemGroup>
	<ItemGroup>
		<ClCompile Include="..\..\engines\chewy\chewy.cpp" />
		<ClCompile Include="..\..\engines\chewy\console.cpp" />
		<ClCompile Include="..\..\engines\chewy\cursor.cpp" />
		<ClCompile Include="..\..\engines\chewy\events.cpp" />
		<ClCompile Include="..\..\engines\chewy\graphics.cpp" />
		<ClCompile Include="..\..\engines\chewy\metaengine.cpp" />
		<ClCompile Include="..\..\engines\chewy\resource.cpp" />
		<ClCompile Include="..\..\engines\chewy\scene.cpp" />
		<ClCompile Include="..\..\engines\chewy\sound.cpp" />
		<ClCompile Include="..\..\engines\chewy\text.cpp" />
		<ClCompile Include="..\..\engines\chewy\video\cfo_decoder.cpp">
			<Filter>video</Filter>
		</ClCompile>
	</ItemGroup>
	<ItemGroup>
		<ClInclude Include="..\..\engines\chewy\chewy.h" />
		<ClInclude Include="..\..\engines\chewy\console.h" />
		<ClInclude Include="..\..\engines\chewy\cursor.h" />
		<ClInclude Include="..\..\engines\chewy\detection.h" />
		<ClInclude Include="..\..\engines\chewy\events.h" />
		<ClInclude Include="..\..\engines\chewy\graphics.h" />
		<ClInclude Include="..\..\engines\chewy\resource.h" />
		<ClInclude Include="..\..\engines\chewy\scene.h" />
		<ClInclude Include="..\..\engines\chewy\sound.h" />
		<ClInclude Include="..\..\engines\chewy\text.h" />
		<ClInclude Include="..\..\engines\chewy\video\cfo_decoder.h">
			<Filter>video</Filter>
		</ClInclude>
	</ItemGroup>
	<ItemGroup>
		<None Include="..\..\engines\chewy\module.mk" />
	</ItemGroup>
</Project>